
Microsoft Visual Studio Solution File, Format Version 11.00
# Visual C++ Express 2010
Project("{8BC9CEB8-8B4A-11D0-8D11-00A0C91BC942}") = "OptimalBinarySearchTree", "OptimalBinarySearchTree\OptimalBinarySearchTree.vcxproj", "{80CB96C9-C127-4614-B17C-5280768044DC}"
EndProject
Global
	GlobalSection(SolutionConfigurationPlatforms) = preSolution
		Debug|Win32 = Debug|Win32
		Release|Win32 = Release|Win32
	EndGlobalSection
	GlobalSection(ProjectConfigurationPlatforms) = postSolution
		{80CB96C9-C127-4614-B17C-5280768044DC}.Debug|Win32.ActiveCfg = Debug|Win32
		{80CB96C9-C127-4614-B17C-5280768044DC}.Debug|Win32.Build.0 = Debug|Win32
		{80CB96C9-C127-4614-B17C-5280768044DC}.Release|Win32.ActiveCfg = Release|Win32
		{80CB96C9-C127-4614-B17C-5280768044DC}.Release|Win32.Build.0 = Release|Win32
	EndGlobalSection
	GlobalSection(SolutionProperties) = preSolution
		HideSolutionNode = FALSE
	EndGlobalSection
EndGlobal
